
Microsoft Visual Studio Solution File, Format Version 12.00
# Visual Studio Version 17
VisualStudioVersion = 17.6.33829.357
MinimumVisualStudioVersion = 10.0.40219.1
Project("{9A19103F-16F7-4668-BE54-9A1E7A4F7556}") = "Paulov.Tarkov.WebServer.DOTNET", "Server\Paulov.Tarkov.WebServer.DOTNET.csproj", "{23743417-164D-46C6-9C5D-0E0291EE9BFC}"
	ProjectSection(ProjectDependencies) = postProject
		{557E9812-536E-48A8-9C69-F4FD125BC882} = {557E9812-536E-48A8-9C69-F4FD125BC882}
		{A5131F86-1A80-4F4E-8A21-8C1FB183CF2A} = {A5131F86-1A80-4F4E-8A21-8C1FB183CF2A}
		{BA120EAE-CC52-4B89-B71E-8911F2D7E844} = {BA120EAE-CC52-4B89-B71E-8911F2D7E844}
		{C50CBFE2-3193-4479-98F6-51536306B4CF} = {C50CBFE2-3193-4479-98F6-51536306B4CF}
	EndProjectSection
EndProject
Project("{2150E333-8FDC-42A3-9474-1A3956D46DE8}") = "Solution Items", "Solution Items", "{CA8F4A15-DD8B-4F74-BAE4-932538080B30}"
	ProjectSection(SolutionItems) = preProject
		README.md = README.md
	EndProjectSection
EndProject
Project("{9A19103F-16F7-4668-BE54-9A1E7A4F7556}") = "Paulov.TarkovVanillaSupport", "Mods\Paulov.TarkovVanillaSupport\Paulov.TarkovVanillaSupport.csproj", "{557E9812-536E-48A8-9C69-F4FD125BC882}"
EndProject
Project("{9A19103F-16F7-4668-BE54-9A1E7A4F7556}") = "Paulov.TarkovMultiplayerSupport", "Mods\Paulov.TarkovMultiplayerSupport\Paulov.TarkovMultiplayerSupport.csproj", "{BA120EAE-CC52-4B89-B71E-8911F2D7E844}"
EndProject
Project("{9A19103F-16F7-4668-BE54-9A1E7A4F7556}") = "BSGHelperLibrary", "Libraries\BSGHelperLibrary\BSGHelperLibrary.csproj", "{56E337DF-55F3-4011-BA7E-9E1251D122AF}"
EndProject
Project("{9A19103F-16F7-4668-BE54-9A1E7A4F7556}") = "Paulov.ArenaSupport", "Mods\Paulov.ArenaSupport\Paulov.ArenaSupport.csproj", "{A5131F86-1A80-4F4E-8A21-8C1FB183CF2A}"
EndProject
Project("{9A19103F-16F7-4668-BE54-9A1E7A4F7556}") = "Paulov.Launcher.Support", "Mods\Paulov.Launcher.Support\Paulov.Launcher.Support.csproj", "{C50CBFE2-3193-4479-98F6-51536306B4CF}"
EndProject
Project("{FAE04EC0-301F-11D3-BF4B-00C04F79EFBC}") = "Paulov.TarkovServices", "Libraries\Paulov.TarkovServices\Paulov.TarkovServices.csproj", "{6661B972-BCDD-4542-BBD2-CC4B19CC0973}"
EndProject
Project("{FAE04EC0-301F-11D3-BF4B-00C04F79EFBC}") = "Paulov.TarkovModels", "Libraries\Paulov.TarkovModels\Paulov.TarkovModels.csproj", "{F605862A-E078-4EA5-A341-8B39A53C4FFA}"
EndProject
Project("{2150E333-8FDC-42A3-9474-1A3956D46DE8}") = "Mods", "Mods", "{02EA681E-C7D8-13C7-8484-4AC65E1B71E8}"
EndProject
Project("{2150E333-8FDC-42A3-9474-1A3956D46DE8}") = "Libraries", "Libraries", "{A4AFE25F-25D2-4B3A-83B0-829ED8124416}"
EndProject
Project("{2150E333-8FDC-42A3-9474-1A3956D46DE8}") = "Testing", "Testing", "{A24FB129-4D15-417E-BD0C-D4698432450B}"
EndProject
Project("{FAE04EC0-301F-11D3-BF4B-00C04F79EFBC}") = "WebApiTests", "Testing\WebApiTests\WebApiTests.csproj", "{36039AA9-858B-4053-9933-EA03E2B55B0A}"
EndProject
Global
	GlobalSection(SolutionConfigurationPlatforms) = preSolution
		Debug|Any CPU = Debug|Any CPU
		Release|Any CPU = Release|Any CPU
	EndGlobalSection
	GlobalSection(ProjectConfigurationPlatforms) = postSolution
		{23743417-164D-46C6-9C5D-0E0291EE9BFC}.Debug|Any CPU.ActiveCfg = Debug|Any CPU
		{23743417-164D-46C6-9C5D-0E0291EE9BFC}.Debug|Any CPU.Build.0 = Debug|Any CPU
		{23743417-164D-46C6-9C5D-0E0291EE9BFC}.Release|Any CPU.ActiveCfg = Release|Any CPU
		{23743417-164D-46C6-9C5D-0E0291EE9BFC}.Release|Any CPU.Build.0 = Release|Any CPU
		{557E9812-536E-48A8-9C69-F4FD125BC882}.Debug|Any CPU.ActiveCfg = Debug|Any CPU
		{557E9812-536E-48A8-9C69-F4FD125BC882}.Debug|Any CPU.Build.0 = Debug|Any CPU
		{557E9812-536E-48A8-9C69-F4FD125BC882}.Release|Any CPU.ActiveCfg = Release|Any CPU
		{557E9812-536E-48A8-9C69-F4FD125BC882}.Release|Any CPU.Build.0 = Release|Any CPU
		{BA120EAE-CC52-4B89-B71E-8911F2D7E844}.Debug|Any CPU.ActiveCfg = Debug|Any CPU
		{BA120EAE-CC52-4B89-B71E-8911F2D7E844}.Debug|Any CPU.Build.0 = Debug|Any CPU
		{BA120EAE-CC52-4B89-B71E-8911F2D7E844}.Release|Any CPU.ActiveCfg = Release|Any CPU
		{BA120EAE-CC52-4B89-B71E-8911F2D7E844}.Release|Any CPU.Build.0 = Release|Any CPU
		{56E337DF-55F3-4011-BA7E-9E1251D122AF}.Debug|Any CPU.ActiveCfg = Debug|Any CPU
		{56E337DF-55F3-4011-BA7E-9E1251D122AF}.Debug|Any CPU.Build.0 = Debug|Any CPU
		{56E337DF-55F3-4011-BA7E-9E1251D122AF}.Release|Any CPU.ActiveCfg = Release|Any CPU
		{56E337DF-55F3-4011-BA7E-9E1251D122AF}.Release|Any CPU.Build.0 = Release|Any CPU
		{A5131F86-1A80-4F4E-8A21-8C1FB183CF2A}.Debug|Any CPU.ActiveCfg = Debug|Any CPU
		{A5131F86-1A80-4F4E-8A21-8C1FB183CF2A}.Debug|Any CPU.Build.0 = Debug|Any CPU
		{A5131F86-1A80-4F4E-8A21-8C1FB183CF2A}.Release|Any CPU.ActiveCfg = Release|Any CPU
		{A5131F86-1A80-4F4E-8A21-8C1FB183CF2A}.Release|Any CPU.Build.0 = Release|Any CPU
		{C50CBFE2-3193-4479-98F6-51536306B4CF}.Debug|Any CPU.ActiveCfg = Debug|Any CPU
		{C50CBFE2-3193-4479-98F6-51536306B4CF}.Debug|Any CPU.Build.0 = Debug|Any CPU
		{C50CBFE2-3193-4479-98F6-51536306B4CF}.Release|Any CPU.ActiveCfg = Release|Any CPU
		{C50CBFE2-3193-4479-98F6-51536306B4CF}.Release|Any CPU.Build.0 = Release|Any CPU
		{6661B972-BCDD-4542-BBD2-CC4B19CC0973}.Debug|Any CPU.ActiveCfg = Debug|Any CPU
		{6661B972-BCDD-4542-BBD2-CC4B19CC0973}.Debug|Any CPU.Build.0 = Debug|Any CPU
		{6661B972-BCDD-4542-BBD2-CC4B19CC0973}.Release|Any CPU.ActiveCfg = Release|Any CPU
		{6661B972-BCDD-4542-BBD2-CC4B19CC0973}.Release|Any CPU.Build.0 = Release|Any CPU
		{F605862A-E078-4EA5-A341-8B39A53C4FFA}.Debug|Any CPU.ActiveCfg = Debug|Any CPU
		{F605862A-E078-4EA5-A341-8B39A53C4FFA}.Debug|Any CPU.Build.0 = Debug|Any CPU
		{F605862A-E078-4EA5-A341-8B39A53C4FFA}.Release|Any CPU.ActiveCfg = Release|Any CPU
		{F605862A-E078-4EA5-A341-8B39A53C4FFA}.Release|Any CPU.Build.0 = Release|Any CPU
		{36039AA9-858B-4053-9933-EA03E2B55B0A}.Debug|Any CPU.ActiveCfg = Debug|Any CPU
		{36039AA9-858B-4053-9933-EA03E2B55B0A}.Debug|Any CPU.Build.0 = Debug|Any CPU
		{36039AA9-858B-4053-9933-EA03E2B55B0A}.Release|Any CPU.ActiveCfg = Release|Any CPU
		{36039AA9-858B-4053-9933-EA03E2B55B0A}.Release|Any CPU.Build.0 = Release|Any CPU
	EndGlobalSection
	GlobalSection(SolutionProperties) = preSolution
		HideSolutionNode = FALSE
	EndGlobalSection
	GlobalSection(NestedProjects) = preSolution
		{557E9812-536E-48A8-9C69-F4FD125BC882} = {02EA681E-C7D8-13C7-8484-4AC65E1B71E8}
		{BA120EAE-CC52-4B89-B71E-8911F2D7E844} = {02EA681E-C7D8-13C7-8484-4AC65E1B71E8}
		{56E337DF-55F3-4011-BA7E-9E1251D122AF} = {A4AFE25F-25D2-4B3A-83B0-829ED8124416}
		{A5131F86-1A80-4F4E-8A21-8C1FB183CF2A} = {02EA681E-C7D8-13C7-8484-4AC65E1B71E8}
		{C50CBFE2-3193-4479-98F6-51536306B4CF} = {02EA681E-C7D8-13C7-8484-4AC65E1B71E8}
		{6661B972-BCDD-4542-BBD2-CC4B19CC0973} = {A4AFE25F-25D2-4B3A-83B0-829ED8124416}
		{F605862A-E078-4EA5-A341-8B39A53C4FFA} = {A4AFE25F-25D2-4B3A-83B0-829ED8124416}
		{36039AA9-858B-4053-9933-EA03E2B55B0A} = {A24FB129-4D15-417E-BD0C-D4698432450B}
	EndGlobalSection
	GlobalSection(ExtensibilityGlobals) = postSolution
		SolutionGuid = {737AF2BC-FC0D-4050-A210-C9988C76D71F}
	EndGlobalSection
EndGlobal
